{
    "_readme": [
        "This file locks the dependencies of your project to a known state",
        "Read more about it at https://getcomposer.org/doc/01-basic-usage.md#installing-dependencies",
        "This file is @generated automatically"
    ],
    "content-hash": "07b9a74ba5db4397aad9b16407d01bab",
    "packages": [
        {
            "name": "composer/installers",
            "version": "v2.3.0",
            "source": {
                "type": "git",
                "url": "https://github.com/composer/installers.git",
                "reference": "12fb2dfe5e16183de69e784a7b84046c43d97e8e"
            },
            "dist": {
                "type": "zip",
                "url": "https://api.github.com/repos/composer/installers/zipball/12fb2dfe5e16183de69e784a7b84046c43d97e8e",
                "reference": "12fb2dfe5e16183de69e784a7b84046c43d97e8e",
                "shasum": ""
            },
            "require": {
                "composer-plugin-api": "^1.0 || ^2.0",
                "php": "^7.2 || ^8.0"
            },
            "require-dev": {
                "composer/composer": "^1.10.27 || ^2.7",
                "composer/semver": "^1.7.2 || ^3.4.0",
                "phpstan/phpstan": "^1.11",
                "phpstan/phpstan-phpunit": "^1",
                "symfony/phpunit-bridge": "^7.1.1",
                "symfony/process": "^5 || ^6 || ^7"
            },
            "type": "composer-plugin",
            "extra": {
                "class": "Composer\\Installers\\Plugin",
                "branch-alias": {
                    "dev-main": "2.x-dev"
                },
                "plugin-modifies-install-path": true
            },
            "autoload": {
                "psr-4": {
                    "Composer\\Installers\\": "src/Composer/Installers"
                }
            },
            "notification-url": "https://packagist.org/downloads/",
            "license": [
                "MIT"
            ],
            "authors": [
                {
                    "name": "Kyle Robinson Young",
                    "email": "kyle@dontkry.com",
                    "homepage": "https://github.com/shama"
                }
            ],
            "description": "A multi-framework Composer library installer",
            "homepage": "https://composer.github.io/installers/",
            "keywords": [
                "Dolibarr",
                "Eliasis",
                "Hurad",
                "ImageCMS",
                "Kanboard",
                "Lan Management System",
                "MODX Evo",
                "MantisBT",
                "Mautic",
                "Maya",
                "OXID",
                "Plentymarkets",
                "Porto",
                "RadPHP",
                "SMF",
                "Starbug",
                "Thelia",
                "Whmcs",
                "WolfCMS",
                "agl",
                "annotatecms",
                "attogram",
                "bitrix",
                "cakephp",
                "chef",
                "cockpit",
                "codeigniter",
                "concrete5",
                "concreteCMS",
                "croogo",
                "dokuwiki",
                "drupal",
                "eZ Platform",
                "elgg",
                "expressionengine",
                "fuelphp",
                "grav",
                "installer",
                "itop",
                "known",
                "kohana",
                "laravel",
                "lavalite",
                "lithium",
                "magento",
                "majima",
                "mako",
                "matomo",
                "mediawiki",
                "miaoxing",
                "modulework",
                "modx",
                "moodle",
                "osclass",
                "pantheon",
                "phpbb",
                "piwik",
                "ppi",
                "processwire",
                "puppet",
                "pxcms",
                "reindex",
                "roundcube",
                "shopware",
                "silverstripe",
                "sydes",
                "sylius",
                "tastyigniter",
                "wordpress",
                "yawik",
                "zend",
                "zikula"
            ],
            "support": {
                "issues": "https://github.com/composer/installers/issues",
                "source": "https://github.com/composer/installers/tree/v2.3.0"
            },
            "funding": [
                {
                    "url": "https://packagist.com",
                    "type": "custom"
                },
                {
                    "url": "https://github.com/composer",
                    "type": "github"
                },
                {
                    "url": "https://tidelift.com/funding/github/packagist/composer/composer",
                    "type": "tidelift"
                }
            ],
            "time": "2024-06-24T20:46:46+00:00"
        },
        {
            "name": "harvesthq/chosen",
            "version": "v1.8.7",
            "source": {
                "type": "git",
                "url": "https://github.com/harvesthq/chosen-package.git",
                "reference": "ad86732b668627c131e61ee8f0e6e9ed52e4db8d"
            },
            "dist": {
                "type": "zip",
                "url": "https://api.github.com/repos/harvesthq/chosen-package/zipball/ad86732b668627c131e61ee8f0e6e9ed52e4db8d",
                "reference": "ad86732b668627c131e61ee8f0e6e9ed52e4db8d",
                "shasum": ""
            },
            "type": "library",
            "notification-url": "https://packagist.org/downloads/",
            "license": [
                "MIT"
            ],
            "authors": [
                {
                    "name": "Koen Punt",
                    "homepage": "https://github.com/koenpunt"
                },
                {
                    "name": "Patrick Filler",
                    "homepage": "https://github.com/pfiller"
                },
                {
                    "name": "Christophe Coevoet",
                    "homepage": "https://github.com/stof"
                },
                {
                    "name": "Ken Earley",
                    "homepage": "https://github.com/kenearley"
                }
            ],
            "description": "Chosen is a JavaScript plugin that makes select boxes user-friendly. It is currently available in both jQuery and Prototype flavors.",
            "homepage": "https://harvesthq.github.io/chosen/",
            "keywords": [
                "dropdown",
                "form",
                "input",
                "multiselect",
                "select",
                "ui"
            ],
            "support": {
                "source": "https://github.com/harvesthq/chosen-package/tree/v1.8.7"
            },
            "time": "2018-06-28T20:32:51+00:00"
        },
        {
            "name": "oomphinc/composer-installers-extender",
            "version": "2.0.1",
            "source": {
                "type": "git",
                "url": "https://github.com/oomphinc/composer-installers-extender.git",
                "reference": "cbf4b6f9a24153b785d09eee755b995ba87bd5f9"
            },
            "dist": {
                "type": "zip",
                "url": "https://api.github.com/repos/oomphinc/composer-installers-extender/zipball/cbf4b6f9a24153b785d09eee755b995ba87bd5f9",
                "reference": "cbf4b6f9a24153b785d09eee755b995ba87bd5f9",
                "shasum": ""
            },
            "require": {
                "composer-plugin-api": "^1.1 || ^2.0",
                "composer/installers": "^1.0 || ^2.0",
                "php": ">=7.1"
            },
            "require-dev": {
                "composer/composer": "^2.0",
                "phpunit/phpunit": "^7.2",
                "squizlabs/php_codesniffer": "^3.3"
            },
            "type": "composer-plugin",
            "extra": {
                "class": "OomphInc\\ComposerInstallersExtender\\Plugin"
            },
            "autoload": {
                "psr-4": {
                    "OomphInc\\ComposerInstallersExtender\\": "src/"
                }
            },
            "notification-url": "https://packagist.org/downloads/",
            "license": [
                "MIT"
            ],
            "authors": [
                {
                    "name": "Stephen Beemsterboer",
                    "email": "stephen@oomphinc.com",
                    "homepage": "https://github.com/balbuf"
                },
                {
                    "name": "Nathan Dentzau",
                    "email": "nate@oomphinc.com",
                    "homepage": "http://oomph.is/ndentzau"
                }
            ],
            "description": "Extend the composer/installers plugin to accept any arbitrary package type.",
            "homepage": "http://www.oomphinc.com/",
            "support": {
                "issues": "https://github.com/oomphinc/composer-installers-extender/issues",
                "source": "https://github.com/oomphinc/composer-installers-extender/tree/2.0.1"
            },
            "time": "2021-12-15T12:32:42+00:00"
        },
        {
            "name": "zenorocha/clipboardjs",
            "version": "v2.0.11",
            "source": {
                "type": "git",
                "url": "https://github.com/zenorocha/clipboard.js.git",
                "reference": "2b2f9eef6fd1cf951612740e16e422db2848c00a"
            },
            "dist": {
                "type": "zip",
                "url": "https://api.github.com/repos/zenorocha/clipboard.js/zipball/2b2f9eef6fd1cf951612740e16e422db2848c00a",
                "reference": "2b2f9eef6fd1cf951612740e16e422db2848c00a",
                "shasum": ""
            },
            "require": {
                "oomphinc/composer-installers-extender": "*"
            },
            "type": "component",
            "extra": {
                "component": {
                    "files": [
                        "dist/clipboard.min.js"
                    ],
                    "scripts": [
                        "dist/clipboard.js"
                    ]
                }
            },
            "notification-url": "https://packagist.org/downloads/",
            "authors": [
                {
                    "name": "Zeno Rocha",
                    "homepage": "http://zenorocha.com/"
                }
            ],
            "description": "Modern copy to clipboard. No Flash. Just 3kb gzipped https://clipboardjs.com",
            "homepage": "https://clipboardjs.com/",
            "support": {
                "issues": "https://github.com/zenorocha/clipboard.js/issues",
                "source": "https://github.com/zenorocha/clipboard.js/tree/v2.0.11"
            },
            "time": "2022-05-04T17:51:40+00:00"
        }
    ],
    "packages-dev": [],
    "aliases": [],
    "minimum-stability": "stable",
    "stability-flags": {},
    "prefer-stable": false,
    "prefer-lowest": false,
    "platform": {},
    "platform-dev": {},
    "plugin-api-version": "2.6.0"
}
